
Microsoft Visual Studio Solution File, Format Version 12.00
# Visual Studio Version 16
VisualStudioVersion = 16.0.30621.155
MinimumVisualStudioVersion = 10.0.40219.1
Project("{FAE04EC0-301F-11D3-BF4B-00C04F79EFBC}") = "FFMPEG Helper", "FFMPEG Helper.csproj", "{5339F03E-4CF1-45D6-A310-2EA8FB715F98}"
EndProject
Global
	GlobalSection(SolutionConfigurationPlatforms) = preSolution
		Debug|Any CPU = Debug|Any CPU
		Release|Any CPU = Release|Any CPU
	EndGlobalSection
	GlobalSection(ProjectConfigurationPlatforms) = postSolution
		{5339F03E-4CF1-45D6-A310-2EA8FB715F98}.Debug|Any CPU.ActiveCfg = Debug|Any CPU
		{5339F03E-4CF1-45D6-A310-2EA8FB715F98}.Debug|Any CPU.Build.0 = Debug|Any CPU
		{5339F03E-4CF1-45D6-A310-2EA8FB715F98}.Release|Any CPU.ActiveCfg = Release|Any CPU
		{5339F03E-4CF1-45D6-A310-2EA8FB715F98}.Release|Any CPU.Build.0 = Release|Any CPU
	EndGlobalSection
	GlobalSection(SolutionProperties) = preSolution
		HideSolutionNode = FALSE
	EndGlobalSection
	GlobalSection(ExtensibilityGlobals) = postSolution
		SolutionGuid = {9E0EF69F-B5C4-4E77-B705-CBA1D4089ED4}
	EndGlobalSection
EndGlobal
